
Microsoft Visual Studio Solution File, Format Version 12.00
# Visual Studio Version 17
VisualStudioVersion = 17.2.32630.192
MinimumVisualStudioVersion = 10.0.40219.1
Project("{FAE04EC0-301F-11D3-BF4B-00C04F79EFBC}") = "HungerDemo4", "HungerDemo4.csproj", "{F1B292B1-89BF-4B08-A169-603BAC306AA6}"
EndProject
Global
	GlobalSection(SolutionConfigurationPlatforms) = preSolution
		Debug|Any CPU = Debug|Any CPU
		Release|Any CPU = Release|Any CPU
	EndGlobalSection
	GlobalSection(ProjectConfigurationPlatforms) = postSolution
		{F1B292B1-89BF-4B08-A169-603BAC306AA6}.Debug|Any CPU.ActiveCfg = Debug|Any CPU
		{F1B292B1-89BF-4B08-A169-603BAC306AA6}.Debug|Any CPU.Build.0 = Debug|Any CPU
		{F1B292B1-89BF-4B08-A169-603BAC306AA6}.Release|Any CPU.ActiveCfg = Release|Any CPU
		{F1B292B1-89BF-4B08-A169-603BAC306AA6}.Release|Any CPU.Build.0 = Release|Any CPU
	EndGlobalSection
	GlobalSection(SolutionProperties) = preSolution
		HideSolutionNode = FALSE
	EndGlobalSection
	GlobalSection(ExtensibilityGlobals) = postSolution
		SolutionGuid = {7B639AC8-3F78-4A9A-8E3D-02C66A3F892E}
	EndGlobalSection
EndGlobal
